
Microsoft Visual Studio Solution File, Format Version 12.00
# Visual Studio Version 17
VisualStudioVersion = 17.3.32901.215
MinimumVisualStudioVersion = 10.0.40219.1
Project("{FAE04EC0-301F-11D3-BF4B-00C04F79EFBC}") = "wpfResourceWindow", "wpfResourceWindow.csproj", "{6DE2EC22-AFF6-4037-BC73-A290FB0E90BB}"
EndProject
Global
	GlobalSection(SolutionConfigurationPlatforms) = preSolution
		Debug|Any CPU = Debug|Any CPU
		Release|Any CPU = Release|Any CPU
	EndGlobalSection
	GlobalSection(ProjectConfigurationPlatforms) = postSolution
		{6DE2EC22-AFF6-4037-BC73-A290FB0E90BB}.Debug|Any CPU.ActiveCfg = Debug|Any CPU
		{6DE2EC22-AFF6-4037-BC73-A290FB0E90BB}.Debug|Any CPU.Build.0 = Debug|Any CPU
		{6DE2EC22-AFF6-4037-BC73-A290FB0E90BB}.Release|Any CPU.ActiveCfg = Release|Any CPU
		{6DE2EC22-AFF6-4037-BC73-A290FB0E90BB}.Release|Any CPU.Build.0 = Release|Any CPU
	EndGlobalSection
	GlobalSection(SolutionProperties) = preSolution
		HideSolutionNode = FALSE
	EndGlobalSection
	GlobalSection(ExtensibilityGlobals) = postSolution
		SolutionGuid = {42E35052-1E07-4969-B38E-D9CF424419AE}
	EndGlobalSection
EndGlobal
