
Microsoft Visual Studio Solution File, Format Version 12.00
# Visual Studio Version 17
VisualStudioVersion = 17.3.32825.248
MinimumVisualStudioVersion = 10.0.40219.1
Project("{FAE04EC0-301F-11D3-BF4B-00C04F79EFBC}") = "cnsDrawBomberman", "cnsDrawBomberman\cnsDrawBomberman.csproj", "{2753DDE1-4E02-44BA-A724-3D4ED08E4E1E}"
EndProject
Global
	GlobalSection(SolutionConfigurationPlatforms) = preSolution
		Debug|Any CPU = Debug|Any CPU
		Release|Any CPU = Release|Any CPU
	EndGlobalSection
	GlobalSection(ProjectConfigurationPlatforms) = postSolution
		{2753DDE1-4E02-44BA-A724-3D4ED08E4E1E}.Debug|Any CPU.ActiveCfg = Debug|Any CPU
		{2753DDE1-4E02-44BA-A724-3D4ED08E4E1E}.Debug|Any CPU.Build.0 = Debug|Any CPU
		{2753DDE1-4E02-44BA-A724-3D4ED08E4E1E}.Release|Any CPU.ActiveCfg = Release|Any CPU
		{2753DDE1-4E02-44BA-A724-3D4ED08E4E1E}.Release|Any CPU.Build.0 = Release|Any CPU
	EndGlobalSection
	GlobalSection(SolutionProperties) = preSolution
		HideSolutionNode = FALSE
	EndGlobalSection
	GlobalSection(ExtensibilityGlobals) = postSolution
		SolutionGuid = {F7B35E46-ED7F-4E2D-9914-C879D609BAD8}
	EndGlobalSection
EndGlobal
