
Microsoft Visual Studio Solution File, Format Version 12.00
# Visual Studio Version 17
VisualStudioVersion = 17.3.32901.215
MinimumVisualStudioVersion = 10.0.40219.1
Project("{FAE04EC0-301F-11D3-BF4B-00C04F79EFBC}") = "wfaImageScrolls", "wfaImageScrolls.csproj", "{D8E2FE23-4EB0-40E8-975F-78BF7B61C9C2}"
EndProject
Global
	GlobalSection(SolutionConfigurationPlatforms) = preSolution
		Debug|Any CPU = Debug|Any CPU
		Release|Any CPU = Release|Any CPU
	EndGlobalSection
	GlobalSection(ProjectConfigurationPlatforms) = postSolution
		{D8E2FE23-4EB0-40E8-975F-78BF7B61C9C2}.Debug|Any CPU.ActiveCfg = Debug|Any CPU
		{D8E2FE23-4EB0-40E8-975F-78BF7B61C9C2}.Debug|Any CPU.Build.0 = Debug|Any CPU
		{D8E2FE23-4EB0-40E8-975F-78BF7B61C9C2}.Release|Any CPU.ActiveCfg = Release|Any CPU
		{D8E2FE23-4EB0-40E8-975F-78BF7B61C9C2}.Release|Any CPU.Build.0 = Release|Any CPU
	EndGlobalSection
	GlobalSection(SolutionProperties) = preSolution
		HideSolutionNode = FALSE
	EndGlobalSection
	GlobalSection(ExtensibilityGlobals) = postSolution
		SolutionGuid = {FF5A856D-13FB-4575-845A-06EEDD63B2E2}
	EndGlobalSection
EndGlobal
