
Microsoft Visual Studio Solution File, Format Version 12.00
# Visual Studio Version 17
VisualStudioVersion = 17.3.32825.248
MinimumVisualStudioVersion = 10.0.40219.1
Project("{FAE04EC0-301F-11D3-BF4B-00C04F79EFBC}") = "wfaGameTrainerAccount", "wfaGameTrainerAccount\wfaGameTrainerAccount.csproj", "{A5D419DA-155F-485D-B113-7D62FC784FEF}"
EndProject
Global
	GlobalSection(SolutionConfigurationPlatforms) = preSolution
		Debug|Any CPU = Debug|Any CPU
		Release|Any CPU = Release|Any CPU
	EndGlobalSection
	GlobalSection(ProjectConfigurationPlatforms) = postSolution
		{A5D419DA-155F-485D-B113-7D62FC784FEF}.Debug|Any CPU.ActiveCfg = Debug|Any CPU
		{A5D419DA-155F-485D-B113-7D62FC784FEF}.Debug|Any CPU.Build.0 = Debug|Any CPU
		{A5D419DA-155F-485D-B113-7D62FC784FEF}.Release|Any CPU.ActiveCfg = Release|Any CPU
		{A5D419DA-155F-485D-B113-7D62FC784FEF}.Release|Any CPU.Build.0 = Release|Any CPU
	EndGlobalSection
	GlobalSection(SolutionProperties) = preSolution
		HideSolutionNode = FALSE
	EndGlobalSection
	GlobalSection(ExtensibilityGlobals) = postSolution
		SolutionGuid = {5E88CF01-583D-4926-B5D6-5D7AB34BCA36}
	EndGlobalSection
EndGlobal
