
Microsoft Visual Studio Solution File, Format Version 12.00
# Visual Studio Version 17
VisualStudioVersion = 17.3.32825.248
MinimumVisualStudioVersion = 10.0.40219.1
Project("{FAE04EC0-301F-11D3-BF4B-00C04F79EFBC}") = "wfaPaint", "wfaPaint\wfaPaint.csproj", "{F09451BB-51D0-434D-8A30-B17107FC25EC}"
EndProject
Global
	GlobalSection(SolutionConfigurationPlatforms) = preSolution
		Debug|Any CPU = Debug|Any CPU
		Release|Any CPU = Release|Any CPU
	EndGlobalSection
	GlobalSection(ProjectConfigurationPlatforms) = postSolution
		{F09451BB-51D0-434D-8A30-B17107FC25EC}.Debug|Any CPU.ActiveCfg = Debug|Any CPU
		{F09451BB-51D0-434D-8A30-B17107FC25EC}.Debug|Any CPU.Build.0 = Debug|Any CPU
		{F09451BB-51D0-434D-8A30-B17107FC25EC}.Release|Any CPU.ActiveCfg = Release|Any CPU
		{F09451BB-51D0-434D-8A30-B17107FC25EC}.Release|Any CPU.Build.0 = Release|Any CPU
	EndGlobalSection
	GlobalSection(SolutionProperties) = preSolution
		HideSolutionNode = FALSE
	EndGlobalSection
	GlobalSection(ExtensibilityGlobals) = postSolution
		SolutionGuid = {6CB39F33-3BF2-4BB1-9B0D-075B37C675DC}
	EndGlobalSection
EndGlobal
