
Microsoft Visual Studio Solution File, Format Version 12.00
# Visual Studio Version 17
VisualStudioVersion = 17.3.32825.248
MinimumVisualStudioVersion = 10.0.40219.1
Project("{FAE04EC0-301F-11D3-BF4B-00C04F79EFBC}") = "wfaGraphicSinCos", "wfaGraphicSinCos\wfaGraphicSinCos.csproj", "{ECD9C87D-1810-4660-B705-9188294E1C0B}"
EndProject
Global
	GlobalSection(SolutionConfigurationPlatforms) = preSolution
		Debug|Any CPU = Debug|Any CPU
		Release|Any CPU = Release|Any CPU
	EndGlobalSection
	GlobalSection(ProjectConfigurationPlatforms) = postSolution
		{ECD9C87D-1810-4660-B705-9188294E1C0B}.Debug|Any CPU.ActiveCfg = Debug|Any CPU
		{ECD9C87D-1810-4660-B705-9188294E1C0B}.Debug|Any CPU.Build.0 = Debug|Any CPU
		{ECD9C87D-1810-4660-B705-9188294E1C0B}.Release|Any CPU.ActiveCfg = Release|Any CPU
		{ECD9C87D-1810-4660-B705-9188294E1C0B}.Release|Any CPU.Build.0 = Release|Any CPU
	EndGlobalSection
	GlobalSection(SolutionProperties) = preSolution
		HideSolutionNode = FALSE
	EndGlobalSection
	GlobalSection(ExtensibilityGlobals) = postSolution
		SolutionGuid = {EA2009AA-91AC-4B19-90CB-1EE19124EECE}
	EndGlobalSection
EndGlobal
