
Microsoft Visual Studio Solution File, Format Version 12.00
# Visual Studio Version 17
VisualStudioVersion = 17.3.32825.248
MinimumVisualStudioVersion = 10.0.40219.1
Project("{FAE04EC0-301F-11D3-BF4B-00C04F79EFBC}") = "cnslHello", "cnslHello\cnslHello.csproj", "{1C7CC859-6435-4C09-89E6-0D23B98A7958}"
EndProject
Global
	GlobalSection(SolutionConfigurationPlatforms) = preSolution
		Debug|Any CPU = Debug|Any CPU
		Release|Any CPU = Release|Any CPU
	EndGlobalSection
	GlobalSection(ProjectConfigurationPlatforms) = postSolution
		{1C7CC859-6435-4C09-89E6-0D23B98A7958}.Debug|Any CPU.ActiveCfg = Debug|Any CPU
		{1C7CC859-6435-4C09-89E6-0D23B98A7958}.Debug|Any CPU.Build.0 = Debug|Any CPU
		{1C7CC859-6435-4C09-89E6-0D23B98A7958}.Release|Any CPU.ActiveCfg = Release|Any CPU
		{1C7CC859-6435-4C09-89E6-0D23B98A7958}.Release|Any CPU.Build.0 = Release|Any CPU
	EndGlobalSection
	GlobalSection(SolutionProperties) = preSolution
		HideSolutionNode = FALSE
	EndGlobalSection
	GlobalSection(ExtensibilityGlobals) = postSolution
		SolutionGuid = {BD30F9C9-E064-46F7-8860-03F6DA237871}
	EndGlobalSection
EndGlobal
