
Microsoft Visual Studio Solution File, Format Version 12.00
# Visual Studio Version 17
VisualStudioVersion = 17.3.32825.248
MinimumVisualStudioVersion = 10.0.40219.1
Project("{FAE04EC0-301F-11D3-BF4B-00C04F79EFBC}") = "cnsArray", "cnsArray\cnsArray.csproj", "{4D381424-DD6A-4498-A4BE-BC8CBE5CC34D}"
EndProject
Global
	GlobalSection(SolutionConfigurationPlatforms) = preSolution
		Debug|Any CPU = Debug|Any CPU
		Release|Any CPU = Release|Any CPU
	EndGlobalSection
	GlobalSection(ProjectConfigurationPlatforms) = postSolution
		{4D381424-DD6A-4498-A4BE-BC8CBE5CC34D}.Debug|Any CPU.ActiveCfg = Debug|Any CPU
		{4D381424-DD6A-4498-A4BE-BC8CBE5CC34D}.Debug|Any CPU.Build.0 = Debug|Any CPU
		{4D381424-DD6A-4498-A4BE-BC8CBE5CC34D}.Release|Any CPU.ActiveCfg = Release|Any CPU
		{4D381424-DD6A-4498-A4BE-BC8CBE5CC34D}.Release|Any CPU.Build.0 = Release|Any CPU
	EndGlobalSection
	GlobalSection(SolutionProperties) = preSolution
		HideSolutionNode = FALSE
	EndGlobalSection
	GlobalSection(ExtensibilityGlobals) = postSolution
		SolutionGuid = {3818E2BA-EAF2-4ADA-AD7D-7B4AEFEF6CD1}
	EndGlobalSection
EndGlobal
