
Microsoft Visual Studio Solution File, Format Version 12.00
# Visual Studio Version 17
VisualStudioVersion = 17.3.32901.215
MinimumVisualStudioVersion = 10.0.40219.1
Project("{FAE04EC0-301F-11D3-BF4B-00C04F79EFBC}") = "WinForMethodExt", "WinForMethodExt\WinForMethodExt.csproj", "{D6DBF455-6208-4ED7-9ED6-5593CCDC27E9}"
EndProject
Global
	GlobalSection(SolutionConfigurationPlatforms) = preSolution
		Debug|Any CPU = Debug|Any CPU
		Release|Any CPU = Release|Any CPU
	EndGlobalSection
	GlobalSection(ProjectConfigurationPlatforms) = postSolution
		{D6DBF455-6208-4ED7-9ED6-5593CCDC27E9}.Debug|Any CPU.ActiveCfg = Debug|Any CPU
		{D6DBF455-6208-4ED7-9ED6-5593CCDC27E9}.Debug|Any CPU.Build.0 = Debug|Any CPU
		{D6DBF455-6208-4ED7-9ED6-5593CCDC27E9}.Release|Any CPU.ActiveCfg = Release|Any CPU
		{D6DBF455-6208-4ED7-9ED6-5593CCDC27E9}.Release|Any CPU.Build.0 = Release|Any CPU
	EndGlobalSection
	GlobalSection(SolutionProperties) = preSolution
		HideSolutionNode = FALSE
	EndGlobalSection
	GlobalSection(ExtensibilityGlobals) = postSolution
		SolutionGuid = {98F4C90F-68BF-410C-BA5D-8F4B4A5F36DE}
	EndGlobalSection
EndGlobal
