
Microsoft Visual Studio Solution File, Format Version 12.00
# Visual Studio Version 17
VisualStudioVersion = 17.3.32901.215
MinimumVisualStudioVersion = 10.0.40219.1
Project("{FAE04EC0-301F-11D3-BF4B-00C04F79EFBC}") = "WFGraphicsSinCos", "WFGraphicsSinCos.csproj", "{DB8E1D61-1F43-4678-8E9B-5F64540E942D}"
EndProject
Global
	GlobalSection(SolutionConfigurationPlatforms) = preSolution
		Debug|Any CPU = Debug|Any CPU
		Release|Any CPU = Release|Any CPU
	EndGlobalSection
	GlobalSection(ProjectConfigurationPlatforms) = postSolution
		{DB8E1D61-1F43-4678-8E9B-5F64540E942D}.Debug|Any CPU.ActiveCfg = Debug|Any CPU
		{DB8E1D61-1F43-4678-8E9B-5F64540E942D}.Debug|Any CPU.Build.0 = Debug|Any CPU
		{DB8E1D61-1F43-4678-8E9B-5F64540E942D}.Release|Any CPU.ActiveCfg = Release|Any CPU
		{DB8E1D61-1F43-4678-8E9B-5F64540E942D}.Release|Any CPU.Build.0 = Release|Any CPU
	EndGlobalSection
	GlobalSection(SolutionProperties) = preSolution
		HideSolutionNode = FALSE
	EndGlobalSection
	GlobalSection(ExtensibilityGlobals) = postSolution
		SolutionGuid = {7372C918-600D-4769-BC74-F72EE4B02688}
	EndGlobalSection
EndGlobal
